
Microsoft Visual Studio Solution File, Format Version 12.00
# Visual Studio Version 17
VisualStudioVersion = 17.0.31903.59
MinimumVisualStudioVersion = 10.0.40219.1
Project("{2150E333-8FDC-42A3-9474-1A3956D46DE8}") = "cod", "cod", "{F650D549-1C71-434A-B811-218FFEFED201}"
EndProject
Project("{2150E333-8FDC-42A3-9474-1A3956D46DE8}") = "app", "app", "{4A48EEDB-D3A2-41E2-8CAB-9D46310B1795}"
EndProject
Project("{FAE04EC0-301F-11D3-BF4B-00C04F79EFBC}") = "MainApp", "cod\app\src\MainApp.csproj", "{D1A9F596-70FE-4891-9913-E02C1E158272}"
EndProject
Project("{FAE04EC0-301F-11D3-BF4B-00C04F79EFBC}") = "svc", "svc\svc.csproj", "{E88C7E6C-B6C6-4AA0-8369-27C7EF255BE9}"
EndProject
Project("{2150E333-8FDC-42A3-9474-1A3956D46DE8}") = "tests", "tests", "{208EBBA6-499A-4ECD-B507-00D0310FDF60}"
EndProject
Project("{FAE04EC0-301F-11D3-BF4B-00C04F79EFBC}") = "Kern.Tests", "tests\Kern.Tests\Kern.Tests.csproj", "{BE47F1CA-4E2B-4E1B-88C4-86E44A9D0AFD}"
EndProject
Project("{FAE04EC0-301F-11D3-BF4B-00C04F79EFBC}") = "ShouTech.Core.Inv", "cod\cor\inv.csproj", "{B92349F3-FDF5-4AF8-94A7-36A1821B2EA1}"
EndProject
Project("{2150E333-8FDC-42A3-9474-1A3956D46DE8}") = "src", "src", "{E325E015-4B97-4AE3-A577-0E6D3DDEC87C}"
EndProject
Project("{FAE04EC0-301F-11D3-BF4B-00C04F79EFBC}") = "ShouTech.Domain", "src\ShouTech.Domain\ShouTech.Domain.csproj", "{E9C0A4D6-0DD5-458F-8E37-0BA84377C098}"
EndProject
Project("{FAE04EC0-301F-11D3-BF4B-00C04F79EFBC}") = "ShouTech.Application", "src\ShouTech.Application\ShouTech.Application.csproj", "{04030ACB-68EE-4463-925C-BB3CE75F9CAF}"
EndProject
Project("{FAE04EC0-301F-11D3-BF4B-00C04F79EFBC}") = "ShouTech.Infrastructure", "src\ShouTech.Infrastructure\ShouTech.Infrastructure.csproj", "{13EF3696-C756-4064-A75B-9901C975B8A3}"
EndProject
Global
	GlobalSection(SolutionConfigurationPlatforms) = preSolution
		Debug|Any CPU = Debug|Any CPU
		Release|Any CPU = Release|Any CPU
	EndGlobalSection
	GlobalSection(SolutionProperties) = preSolution
		HideSolutionNode = FALSE
	EndGlobalSection
	GlobalSection(ProjectConfigurationPlatforms) = postSolution
		{D1A9F596-70FE-4891-9913-E02C1E158272}.Debug|Any CPU.ActiveCfg = Debug|Any CPU
		{D1A9F596-70FE-4891-9913-E02C1E158272}.Debug|Any CPU.Build.0 = Debug|Any CPU
		{D1A9F596-70FE-4891-9913-E02C1E158272}.Release|Any CPU.ActiveCfg = Release|Any CPU
		{D1A9F596-70FE-4891-9913-E02C1E158272}.Release|Any CPU.Build.0 = Release|Any CPU
		{E88C7E6C-B6C6-4AA0-8369-27C7EF255BE9}.Debug|Any CPU.ActiveCfg = Debug|Any CPU
		{E88C7E6C-B6C6-4AA0-8369-27C7EF255BE9}.Debug|Any CPU.Build.0 = Debug|Any CPU
		{E88C7E6C-B6C6-4AA0-8369-27C7EF255BE9}.Release|Any CPU.ActiveCfg = Release|Any CPU
		{E88C7E6C-B6C6-4AA0-8369-27C7EF255BE9}.Release|Any CPU.Build.0 = Release|Any CPU
		{BE47F1CA-4E2B-4E1B-88C4-86E44A9D0AFD}.Debug|Any CPU.ActiveCfg = Debug|Any CPU
		{BE47F1CA-4E2B-4E1B-88C4-86E44A9D0AFD}.Debug|Any CPU.Build.0 = Debug|Any CPU
		{BE47F1CA-4E2B-4E1B-88C4-86E44A9D0AFD}.Release|Any CPU.ActiveCfg = Release|Any CPU
		{BE47F1CA-4E2B-4E1B-88C4-86E44A9D0AFD}.Release|Any CPU.Build.0 = Release|Any CPU
		{E9C0A4D6-0DD5-458F-8E37-0BA84377C098}.Debug|Any CPU.ActiveCfg = Debug|Any CPU
		{E9C0A4D6-0DD5-458F-8E37-0BA84377C098}.Debug|Any CPU.Build.0 = Debug|Any CPU
		{E9C0A4D6-0DD5-458F-8E37-0BA84377C098}.Release|Any CPU.ActiveCfg = Release|Any CPU
		{E9C0A4D6-0DD5-458F-8E37-0BA84377C098}.Release|Any CPU.Build.0 = Release|Any CPU
		{04030ACB-68EE-4463-925C-BB3CE75F9CAF}.Debug|Any CPU.ActiveCfg = Debug|Any CPU
		{04030ACB-68EE-4463-925C-BB3CE75F9CAF}.Debug|Any CPU.Build.0 = Debug|Any CPU
		{04030ACB-68EE-4463-925C-BB3CE75F9CAF}.Release|Any CPU.ActiveCfg = Release|Any CPU
		{04030ACB-68EE-4463-925C-BB3CE75F9CAF}.Release|Any CPU.Build.0 = Release|Any CPU
		{13EF3696-C756-4064-A75B-9901C975B8A3}.Debug|Any CPU.ActiveCfg = Debug|Any CPU
		{13EF3696-C756-4064-A75B-9901C975B8A3}.Debug|Any CPU.Build.0 = Debug|Any CPU
		{13EF3696-C756-4064-A75B-9901C975B8A3}.Release|Any CPU.ActiveCfg = Release|Any CPU
		{13EF3696-C756-4064-A75B-9901C975B8A3}.Release|Any CPU.Build.0 = Release|Any CPU
	EndGlobalSection
	GlobalSection(NestedProjects) = preSolution
		{4A48EEDB-D3A2-41E2-8CAB-9D46310B1795} = {F650D549-1C71-434A-B811-218FFEFED201}
		{D1A9F596-70FE-4891-9913-E02C1E158272} = {4A48EEDB-D3A2-41E2-8CAB-9D46310B1795}
		{BE47F1CA-4E2B-4E1B-88C4-86E44A9D0AFD} = {208EBBA6-499A-4ECD-B507-00D0310FDF60}
		{E9C0A4D6-0DD5-458F-8E37-0BA84377C098} = {E325E015-4B97-4AE3-A577-0E6D3DDEC87C}
		{04030ACB-68EE-4463-925C-BB3CE75F9CAF} = {E325E015-4B97-4AE3-A577-0E6D3DDEC87C}
		{13EF3696-C756-4064-A75B-9901C975B8A3} = {E325E015-4B97-4AE3-A577-0E6D3DDEC87C}
	EndGlobalSection
EndGlobal
